{
  "name": "my-music-uniapp",
  "version": "1.0.0",
  "lockfileVersion": 1,
  "requires": true,
  "dependencies": {
    "@dcloudio/uni-ui": {
      "version": "1.4.28",
      "resolved": "https://registry.npmmirror.com/@dcloudio/uni-ui/-/uni-ui-1.4.28.tgz",
      "integrity": "sha512-e/lSbvR79KH9+d3D4ueNbvD6szigjO/5IyjBNmiTqaj0PTS324fBV3L6f3s1qpkYonM4rdOl000hVOcAg6Gh/A=="
    },
    "uni-ajax": {
      "version": "2.5.1",
      "resolved": "https://registry.npmmirror.com/uni-ajax/-/uni-ajax-2.5.1.tgz",
      "integrity": "sha512-xmJY/yl5eRAb0b2qujTS1XNYhkSRWGL4PwkYqQrLpH2BMa2v/2zCJtqcTVUmqn4qQtdP3vLoFL86vaH3ABYAZA=="
    },
    "uview-ui": {
      "version": "2.0.31",
      "resolved": "https://registry.npmmirror.com/uview-ui/-/uview-ui-2.0.31.tgz",
      "integrity": "sha512-I/0fGuvtiKHH/mBb864SGYk+SJ7WaF32tsBgYgeBOsxlUp+Th+Ac2tgz2cTvsQJl6eZYWsKZ3ixiSXCAcxZ8Sw=="
    }
  }
}
